{
  "version": 4,
  "terraform_version": "1.8.1",
  "serial": 1,
  "lineage": "8cfab358-8a96-86f8-e7c5-c77613281c36",
  "outputs": {},
  "resources": [
    {
      "mode": "managed",
      "type": "local_file",
      "name": "film",
      "provider": "provider[\"registry.terraform.io/hashicorp/local\"]",
      "instances": [
        {
          "schema_version": 0,
          "attributes": {
            "content": "Le nom de mon film préfére est : Zodiac",
            "content_base64": null,
            "content_base64sha256": "w3dC7z9aCtWnTlz0SPSQCFQOkITVUdM4t2pSufdL21w=",
            "content_base64sha512": "Rf/2OQpRzarRtqCa/IoRtL03DEayyz5GcXcC6FLaui5QV20qAwtvLu5q9hKa0KizwHQmxq0GCXzltKfQqZXvPw==",
            "content_md5": "ff21a58e1868f0e351d8580b11a05cd5",
            "content_sha1": "1ab441358b35ef4e1fadef8b3ea4bf0032594446",
            "content_sha256": "c37742ef3f5a0ad5a74e5cf448f49008540e9084d551d338b76a52b9f74bdb5c",
            "content_sha512": "45fff6390a51cdaad1b6a09afc8a11b4bd370c46b2cb3e46717702e852daba2e50576d2a030b6f2eee6af6129ad0a8b3c07426c6ad06097ce5b4a7d0a995ef3f",
            "directory_permission": "0777",
            "file_permission": "0777",
            "filename": "./film.txt",
            "id": "1ab441358b35ef4e1fadef8b3ea4bf0032594446",
            "sensitive_content": null,
            "source": null
          },
          "sensitive_attributes": [
            [
              {
                "type": "get_attr",
                "value": "sensitive_content"
              }
            ]
          ]
        }
      ]
    }
  ],
  "check_results": null
}
