{
  "version": 4,
  "terraform_version": "1.8.1",
  "serial": 14,
  "lineage": "8cfab358-8a96-86f8-e7c5-c77613281c36",
  "outputs": {
    "fichier_cree": {
      "value": "Fichier crée avec succées ba4cf29f097ea77c4e6344a25953e90ebde2ef1a \n",
      "type": "string"
    }
  },
  "resources": [
    {
      "mode": "managed",
      "type": "local_file",
      "name": "film",
      "provider": "provider[\"registry.terraform.io/hashicorp/local\"]",
      "instances": [
        {
          "schema_version": 0,
          "attributes": {
            "content": "Zodiac \n Description : Un thriller policier\nSeven \n Description : Un film policier avec une ambiance sombre\nPaprika \n Description : Film d'animation japonais\n",
            "content_base64": null,
            "content_base64sha256": "ZTd6NziTnsWAI++QL5q4z1ADlPlnr99J+xB6ZNeF+eM=",
            "content_base64sha512": "QI3oO9fvwMvmuuqCW1rX6RCHhGHBeSNMo+EFhvwJ0XmGK979zg508IPmz1ZJws/6fbplMjmATIq4RwjJGKfErw==",
            "content_md5": "ba0aa96d312f722b46299e08c0e6842a",
            "content_sha1": "ba4cf29f097ea77c4e6344a25953e90ebde2ef1a",
            "content_sha256": "65377a3738939ec58023ef902f9ab8cf500394f967afdf49fb107a64d785f9e3",
            "content_sha512": "408de83bd7efc0cbe6baea825b5ad7e910878461c179234ca3e10586fc09d179862bdefdce0e74f083e6cf5649c2cffa7dba653239804c8ab84708c918a7c4af",
            "directory_permission": "0777",
            "file_permission": "0777",
            "filename": "./film.txt",
            "id": "ba4cf29f097ea77c4e6344a25953e90ebde2ef1a",
            "sensitive_content": null,
            "source": null
          },
          "sensitive_attributes": [
            [
              {
                "type": "get_attr",
                "value": "sensitive_content"
              }
            ]
          ]
        }
      ]
    }
  ],
  "check_results": null
}
