{
  "version": 4,
  "terraform_version": "1.8.1",
  "serial": 8,
  "lineage": "8cfab358-8a96-86f8-e7c5-c77613281c36",
  "outputs": {
    "fichier_cree": {
      "value": "Fichier crée avec succées 349499cd50974200fb08f04b3bd824c11c7306fd \n",
      "type": "string"
    }
  },
  "resources": [
    {
      "mode": "managed",
      "type": "local_file",
      "name": "film",
      "provider": "provider[\"registry.terraform.io/hashicorp/local\"]",
      "instances": [
        {
          "schema_version": 0,
          "attributes": {
            "content": "film1 : Zodiac \nDescription : Un thriller policier\nfilm2 : Seven \nDescription : Un film policier avec une ambience sombre\nfilme3 : Paprika \nDescription : Film d'animation japonais\n",
            "content_base64": null,
            "content_base64sha256": "CCEfjCLBijIawnJgskJlJQAcbDlDsXJUOefj/4nkqWg=",
            "content_base64sha512": "2xqx+q/p1TEA8Tg8TANRGvaaEjhgfsM4914N82kpMW2CrwYPeegH2uPq+bPCDlG++n/JyMhFoS0t6YdBKTzUyw==",
            "content_md5": "6958a541f8f42c6a58a080d28d26f85f",
            "content_sha1": "349499cd50974200fb08f04b3bd824c11c7306fd",
            "content_sha256": "08211f8c22c18a321ac27260b2426525001c6c3943b1725439e7e3ff89e4a968",
            "content_sha512": "db1ab1faafe9d53100f1383c4c03511af69a1238607ec338f75e0df36929316d82af060f79e807dae3eaf9b3c20e51befa7fc9c8c845a12d2de98741293cd4cb",
            "directory_permission": "0777",
            "file_permission": "0777",
            "filename": "./film.txt",
            "id": "349499cd50974200fb08f04b3bd824c11c7306fd",
            "sensitive_content": null,
            "source": null
          },
          "sensitive_attributes": [
            [
              {
                "type": "get_attr",
                "value": "sensitive_content"
              }
            ]
          ]
        }
      ]
    }
  ],
  "check_results": null
}
